
Microsoft Visual Studio Solution File, Format Version 12.00
# Visual Studio 15
VisualStudioVersion = 15.0.28010.2050
MinimumVisualStudioVersion = 10.0.40219.1
Project("{FAE04EC0-301F-11D3-BF4B-00C04F79EFBC}") = "AreaTest", "AreaTest\AreaTest.csproj", "{1DDBE9AB-4C1C-4BEB-A72D-D4F6204F18E4}"
EndProject
Project("{FAE04EC0-301F-11D3-BF4B-00C04F79EFBC}") = "AreaTest.Tests", "AreaTest.Tests\AreaTest.Tests.csproj", "{A5FF381A-FC82-4B86-9FA6-3986FC2C4BEC}"
EndProject
Project("{FAE04EC0-301F-11D3-BF4B-00C04F79EFBC}") = "ProjectsManager", "ProjectsManager\ProjectsManager.csproj", "{9DABDD2B-0B18-455B-B590-7E2463182D84}"
EndProject
Project("{FAE04EC0-301F-11D3-BF4B-00C04F79EFBC}") = "TraineesManager", "TraineesManager\TraineesManager.csproj", "{157FCF00-96FE-4FBC-B181-7C57D2FBB422}"
EndProject
Global
	GlobalSection(SolutionConfigurationPlatforms) = preSolution
		Debug|Any CPU = Debug|Any CPU
		Release|Any CPU = Release|Any CPU
	EndGlobalSection
	GlobalSection(ProjectConfigurationPlatforms) = postSolution
		{1DDBE9AB-4C1C-4BEB-A72D-D4F6204F18E4}.Debug|Any CPU.ActiveCfg = Debug|Any CPU
		{1DDBE9AB-4C1C-4BEB-A72D-D4F6204F18E4}.Debug|Any CPU.Build.0 = Debug|Any CPU
		{1DDBE9AB-4C1C-4BEB-A72D-D4F6204F18E4}.Release|Any CPU.ActiveCfg = Release|Any CPU
		{1DDBE9AB-4C1C-4BEB-A72D-D4F6204F18E4}.Release|Any CPU.Build.0 = Release|Any CPU
		{A5FF381A-FC82-4B86-9FA6-3986FC2C4BEC}.Debug|Any CPU.ActiveCfg = Debug|Any CPU
		{A5FF381A-FC82-4B86-9FA6-3986FC2C4BEC}.Debug|Any CPU.Build.0 = Debug|Any CPU
		{A5FF381A-FC82-4B86-9FA6-3986FC2C4BEC}.Release|Any CPU.ActiveCfg = Release|Any CPU
		{A5FF381A-FC82-4B86-9FA6-3986FC2C4BEC}.Release|Any CPU.Build.0 = Release|Any CPU
		{9DABDD2B-0B18-455B-B590-7E2463182D84}.Debug|Any CPU.ActiveCfg = Debug|Any CPU
		{9DABDD2B-0B18-455B-B590-7E2463182D84}.Debug|Any CPU.Build.0 = Debug|Any CPU
		{9DABDD2B-0B18-455B-B590-7E2463182D84}.Release|Any CPU.ActiveCfg = Release|Any CPU
		{9DABDD2B-0B18-455B-B590-7E2463182D84}.Release|Any CPU.Build.0 = Release|Any CPU
		{157FCF00-96FE-4FBC-B181-7C57D2FBB422}.Debug|Any CPU.ActiveCfg = Debug|Any CPU
		{157FCF00-96FE-4FBC-B181-7C57D2FBB422}.Debug|Any CPU.Build.0 = Debug|Any CPU
		{157FCF00-96FE-4FBC-B181-7C57D2FBB422}.Release|Any CPU.ActiveCfg = Release|Any CPU
		{157FCF00-96FE-4FBC-B181-7C57D2FBB422}.Release|Any CPU.Build.0 = Release|Any CPU
	EndGlobalSection
	GlobalSection(SolutionProperties) = preSolution
		HideSolutionNode = FALSE
	EndGlobalSection
	GlobalSection(ExtensibilityGlobals) = postSolution
		SolutionGuid = {F85DF383-1C9C-4C7C-AC6E-FD5B09A58448}
	EndGlobalSection
EndGlobal
